
Microsoft Visual Studio Solution File, Format Version 12.00
# Visual Studio Version 17
VisualStudioVersion = 17.7.34031.279
MinimumVisualStudioVersion = 10.0.40219.1
Project("{FAE04EC0-301F-11D3-BF4B-00C04F79EFBC}") = "Aula11", "Aula11.csproj", "{DE430A69-166A-43CA-8B03-CC2DB5A23FCE}"
EndProject
Global
	GlobalSection(SolutionConfigurationPlatforms) = preSolution
		Debug|Any CPU = Debug|Any CPU
		Release|Any CPU = Release|Any CPU
	EndGlobalSection
	GlobalSection(ProjectConfigurationPlatforms) = postSolution
		{DE430A69-166A-43CA-8B03-CC2DB5A23FCE}.Debug|Any CPU.ActiveCfg = Debug|Any CPU
		{DE430A69-166A-43CA-8B03-CC2DB5A23FCE}.Debug|Any CPU.Build.0 = Debug|Any CPU
		{DE430A69-166A-43CA-8B03-CC2DB5A23FCE}.Release|Any CPU.ActiveCfg = Release|Any CPU
		{DE430A69-166A-43CA-8B03-CC2DB5A23FCE}.Release|Any CPU.Build.0 = Release|Any CPU
	EndGlobalSection
	GlobalSection(SolutionProperties) = preSolution
		HideSolutionNode = FALSE
	EndGlobalSection
	GlobalSection(ExtensibilityGlobals) = postSolution
		SolutionGuid = {58D604A4-0DF4-4D15-B2B8-D23AE7F8D76B}
	EndGlobalSection
EndGlobal
