
Microsoft Visual Studio Solution File, Format Version 12.00
# Visual Studio Version 17
VisualStudioVersion = 17.7.34202.233
MinimumVisualStudioVersion = 10.0.40219.1
Project("{FAE04EC0-301F-11D3-BF4B-00C04F79EFBC}") = "Aula24", "Aula24.csproj", "{86676167-3C2C-400E-B222-7880B6DBD4F0}"
EndProject
Global
	GlobalSection(SolutionConfigurationPlatforms) = preSolution
		Debug|Any CPU = Debug|Any CPU
		Release|Any CPU = Release|Any CPU
	EndGlobalSection
	GlobalSection(ProjectConfigurationPlatforms) = postSolution
		{86676167-3C2C-400E-B222-7880B6DBD4F0}.Debug|Any CPU.ActiveCfg = Debug|Any CPU
		{86676167-3C2C-400E-B222-7880B6DBD4F0}.Debug|Any CPU.Build.0 = Debug|Any CPU
		{86676167-3C2C-400E-B222-7880B6DBD4F0}.Release|Any CPU.ActiveCfg = Release|Any CPU
		{86676167-3C2C-400E-B222-7880B6DBD4F0}.Release|Any CPU.Build.0 = Release|Any CPU
	EndGlobalSection
	GlobalSection(SolutionProperties) = preSolution
		HideSolutionNode = FALSE
	EndGlobalSection
	GlobalSection(ExtensibilityGlobals) = postSolution
		SolutionGuid = {BD7B121F-B956-4820-A157-B0332D564273}
	EndGlobalSection
EndGlobal
