
Microsoft Visual Studio Solution File, Format Version 12.00
# Visual Studio Version 17
VisualStudioVersion = 17.7.34202.233
MinimumVisualStudioVersion = 10.0.40219.1
Project("{FAE04EC0-301F-11D3-BF4B-00C04F79EFBC}") = "Aula23", "Aula23.csproj", "{BFA5EB8C-66E4-4AD1-A58A-4A1132D437F7}"
EndProject
Global
	GlobalSection(SolutionConfigurationPlatforms) = preSolution
		Debug|Any CPU = Debug|Any CPU
		Release|Any CPU = Release|Any CPU
	EndGlobalSection
	GlobalSection(ProjectConfigurationPlatforms) = postSolution
		{BFA5EB8C-66E4-4AD1-A58A-4A1132D437F7}.Debug|Any CPU.ActiveCfg = Debug|Any CPU
		{BFA5EB8C-66E4-4AD1-A58A-4A1132D437F7}.Debug|Any CPU.Build.0 = Debug|Any CPU
		{BFA5EB8C-66E4-4AD1-A58A-4A1132D437F7}.Release|Any CPU.ActiveCfg = Release|Any CPU
		{BFA5EB8C-66E4-4AD1-A58A-4A1132D437F7}.Release|Any CPU.Build.0 = Release|Any CPU
	EndGlobalSection
	GlobalSection(SolutionProperties) = preSolution
		HideSolutionNode = FALSE
	EndGlobalSection
	GlobalSection(ExtensibilityGlobals) = postSolution
		SolutionGuid = {7FD8AC02-0393-4927-9418-32D094DC8FCE}
	EndGlobalSection
EndGlobal
