
Microsoft Visual Studio Solution File, Format Version 12.00
# Visual Studio Version 17
VisualStudioVersion = 17.7.34031.279
MinimumVisualStudioVersion = 10.0.40219.1
Project("{FAE04EC0-301F-11D3-BF4B-00C04F79EFBC}") = "Aula06", "Aula06\Aula06.csproj", "{D61477C9-068A-4244-9F14-9C9DBA9B2B63}"
EndProject
Global
	GlobalSection(SolutionConfigurationPlatforms) = preSolution
		Debug|Any CPU = Debug|Any CPU
		Release|Any CPU = Release|Any CPU
	EndGlobalSection
	GlobalSection(ProjectConfigurationPlatforms) = postSolution
		{D61477C9-068A-4244-9F14-9C9DBA9B2B63}.Debug|Any CPU.ActiveCfg = Debug|Any CPU
		{D61477C9-068A-4244-9F14-9C9DBA9B2B63}.Debug|Any CPU.Build.0 = Debug|Any CPU
		{D61477C9-068A-4244-9F14-9C9DBA9B2B63}.Release|Any CPU.ActiveCfg = Release|Any CPU
		{D61477C9-068A-4244-9F14-9C9DBA9B2B63}.Release|Any CPU.Build.0 = Release|Any CPU
	EndGlobalSection
	GlobalSection(SolutionProperties) = preSolution
		HideSolutionNode = FALSE
	EndGlobalSection
	GlobalSection(ExtensibilityGlobals) = postSolution
		SolutionGuid = {C388A737-5275-40E9-85A2-1E03812CBE38}
	EndGlobalSection
EndGlobal
