
Microsoft Visual Studio Solution File, Format Version 12.00
# Visual Studio Version 17
VisualStudioVersion = 17.7.34031.279
MinimumVisualStudioVersion = 10.0.40219.1
Project("{FAE04EC0-301F-11D3-BF4B-00C04F79EFBC}") = "Aula15", "Aula15.csproj", "{9535998D-272C-4A53-9DAC-C2D560BA56C6}"
EndProject
Global
	GlobalSection(SolutionConfigurationPlatforms) = preSolution
		Debug|Any CPU = Debug|Any CPU
		Release|Any CPU = Release|Any CPU
	EndGlobalSection
	GlobalSection(ProjectConfigurationPlatforms) = postSolution
		{9535998D-272C-4A53-9DAC-C2D560BA56C6}.Debug|Any CPU.ActiveCfg = Debug|Any CPU
		{9535998D-272C-4A53-9DAC-C2D560BA56C6}.Debug|Any CPU.Build.0 = Debug|Any CPU
		{9535998D-272C-4A53-9DAC-C2D560BA56C6}.Release|Any CPU.ActiveCfg = Release|Any CPU
		{9535998D-272C-4A53-9DAC-C2D560BA56C6}.Release|Any CPU.Build.0 = Release|Any CPU
	EndGlobalSection
	GlobalSection(SolutionProperties) = preSolution
		HideSolutionNode = FALSE
	EndGlobalSection
	GlobalSection(ExtensibilityGlobals) = postSolution
		SolutionGuid = {F75352C9-5A3F-47B2-A648-F35E7BA929B1}
	EndGlobalSection
EndGlobal
