
Microsoft Visual Studio Solution File, Format Version 12.00
# Visual Studio Version 17
VisualStudioVersion = 17.7.34031.279
MinimumVisualStudioVersion = 10.0.40219.1
Project("{FAE04EC0-301F-11D3-BF4B-00C04F79EFBC}") = "Aula19", "Aula19.csproj", "{81AC7951-003C-454B-83C7-A17E7AE3C411}"
EndProject
Global
	GlobalSection(SolutionConfigurationPlatforms) = preSolution
		Debug|Any CPU = Debug|Any CPU
		Release|Any CPU = Release|Any CPU
	EndGlobalSection
	GlobalSection(ProjectConfigurationPlatforms) = postSolution
		{81AC7951-003C-454B-83C7-A17E7AE3C411}.Debug|Any CPU.ActiveCfg = Debug|Any CPU
		{81AC7951-003C-454B-83C7-A17E7AE3C411}.Debug|Any CPU.Build.0 = Debug|Any CPU
		{81AC7951-003C-454B-83C7-A17E7AE3C411}.Release|Any CPU.ActiveCfg = Release|Any CPU
		{81AC7951-003C-454B-83C7-A17E7AE3C411}.Release|Any CPU.Build.0 = Release|Any CPU
	EndGlobalSection
	GlobalSection(SolutionProperties) = preSolution
		HideSolutionNode = FALSE
	EndGlobalSection
	GlobalSection(ExtensibilityGlobals) = postSolution
		SolutionGuid = {1F4C374C-B053-424B-B8FE-9FA5ABF32E32}
	EndGlobalSection
EndGlobal
