
Microsoft Visual Studio Solution File, Format Version 12.00
# Visual Studio Version 17
VisualStudioVersion = 17.7.34202.233
MinimumVisualStudioVersion = 10.0.40219.1
Project("{FAE04EC0-301F-11D3-BF4B-00C04F79EFBC}") = "Aula35", "Aula35.csproj", "{C9044C96-BB2D-4882-A4F1-CC087F6CC771}"
EndProject
Global
	GlobalSection(SolutionConfigurationPlatforms) = preSolution
		Debug|Any CPU = Debug|Any CPU
		Release|Any CPU = Release|Any CPU
	EndGlobalSection
	GlobalSection(ProjectConfigurationPlatforms) = postSolution
		{C9044C96-BB2D-4882-A4F1-CC087F6CC771}.Debug|Any CPU.ActiveCfg = Debug|Any CPU
		{C9044C96-BB2D-4882-A4F1-CC087F6CC771}.Debug|Any CPU.Build.0 = Debug|Any CPU
		{C9044C96-BB2D-4882-A4F1-CC087F6CC771}.Release|Any CPU.ActiveCfg = Release|Any CPU
		{C9044C96-BB2D-4882-A4F1-CC087F6CC771}.Release|Any CPU.Build.0 = Release|Any CPU
	EndGlobalSection
	GlobalSection(SolutionProperties) = preSolution
		HideSolutionNode = FALSE
	EndGlobalSection
	GlobalSection(ExtensibilityGlobals) = postSolution
		SolutionGuid = {462A8122-CB9F-4950-BE44-00D9DC1B72F3}
	EndGlobalSection
EndGlobal
