
Microsoft Visual Studio Solution File, Format Version 12.00
# Visual Studio Version 17
VisualStudioVersion = 17.7.34031.279
MinimumVisualStudioVersion = 10.0.40219.1
Project("{FAE04EC0-301F-11D3-BF4B-00C04F79EFBC}") = "Aula08", "Aula08.csproj", "{50777665-4DA3-43DE-BF8C-6148307C59CC}"
EndProject
Global
	GlobalSection(SolutionConfigurationPlatforms) = preSolution
		Debug|Any CPU = Debug|Any CPU
		Release|Any CPU = Release|Any CPU
	EndGlobalSection
	GlobalSection(ProjectConfigurationPlatforms) = postSolution
		{50777665-4DA3-43DE-BF8C-6148307C59CC}.Debug|Any CPU.ActiveCfg = Debug|Any CPU
		{50777665-4DA3-43DE-BF8C-6148307C59CC}.Debug|Any CPU.Build.0 = Debug|Any CPU
		{50777665-4DA3-43DE-BF8C-6148307C59CC}.Release|Any CPU.ActiveCfg = Release|Any CPU
		{50777665-4DA3-43DE-BF8C-6148307C59CC}.Release|Any CPU.Build.0 = Release|Any CPU
	EndGlobalSection
	GlobalSection(SolutionProperties) = preSolution
		HideSolutionNode = FALSE
	EndGlobalSection
	GlobalSection(ExtensibilityGlobals) = postSolution
		SolutionGuid = {6D426BBE-B402-4FF4-A066-D1BE9C13CB2C}
	EndGlobalSection
EndGlobal
