
Microsoft Visual Studio Solution File, Format Version 12.00
# Visual Studio Version 17
VisualStudioVersion = 17.7.34031.279
MinimumVisualStudioVersion = 10.0.40219.1
Project("{FAE04EC0-301F-11D3-BF4B-00C04F79EFBC}") = "Aula18", "Aula18.csproj", "{F302FEC1-9EAB-4A98-8C4A-10FF4A38B307}"
EndProject
Global
	GlobalSection(SolutionConfigurationPlatforms) = preSolution
		Debug|Any CPU = Debug|Any CPU
		Release|Any CPU = Release|Any CPU
	EndGlobalSection
	GlobalSection(ProjectConfigurationPlatforms) = postSolution
		{F302FEC1-9EAB-4A98-8C4A-10FF4A38B307}.Debug|Any CPU.ActiveCfg = Debug|Any CPU
		{F302FEC1-9EAB-4A98-8C4A-10FF4A38B307}.Debug|Any CPU.Build.0 = Debug|Any CPU
		{F302FEC1-9EAB-4A98-8C4A-10FF4A38B307}.Release|Any CPU.ActiveCfg = Release|Any CPU
		{F302FEC1-9EAB-4A98-8C4A-10FF4A38B307}.Release|Any CPU.Build.0 = Release|Any CPU
	EndGlobalSection
	GlobalSection(SolutionProperties) = preSolution
		HideSolutionNode = FALSE
	EndGlobalSection
	GlobalSection(ExtensibilityGlobals) = postSolution
		SolutionGuid = {EA9E8BA8-F513-4DA6-A5C9-E1B0CD2ECBB1}
	EndGlobalSection
EndGlobal
